// !$*UTF8*$!
{
	archiveVersion = 1;
	classes = {
	};
	objectVersion = 46;
	objects = {

/* Begin PBXBuildFile section */
		F733B77B1DAE8915005535DF /* AppDelegate.swift in Sources */ = {isa = PBXBuildFile; fileRef = F733B77A1DAE8915005535DF /* AppDelegate.swift */; };
		F733B7801DAE8915005535DF /* Main.storyboard in Resources */ = {isa = PBXBuildFile; fileRef = F733B77E1DAE8915005535DF /* Main.storyboard */; };
		F733B7821DAE8915005535DF /* Assets.xcassets in Resources */ = {isa = PBXBuildFile; fileRef = F733B7811DAE8915005535DF /* Assets.xcassets */; };
		F733B7851DAE8915005535DF /* LaunchScreen.storyboard in Resources */ = {isa = PBXBuildFile; fileRef = F733B7831DAE8915005535DF /* LaunchScreen.storyboard */; };
		F733B78F1DAE8B1C005535DF /* Constants.swift in Sources */ = {isa = PBXBuildFile; fileRef = F733B78C1DAE8B1C005535DF /* Constants.swift */; };
		F733B7901DAE8B1C005535DF /* AppearanceManager.swift in Sources */ = {isa = PBXBuildFile; fileRef = F733B78D1DAE8B1C005535DF /* AppearanceManager.swift */; };
		F733B7911DAE8B1C005535DF /* JsonDownloader.swift in Sources */ = {isa = PBXBuildFile; fileRef = F733B78E1DAE8B1C005535DF /* JsonDownloader.swift */; };
		F733B7991DAE94A5005535DF /* BusinessListViewController.swift in Sources */ = {isa = PBXBuildFile; fileRef = F733B7981DAE94A5005535DF /* BusinessListViewController.swift */; };
		F733B79B1DAE95BC005535DF /* Business.swift in Sources */ = {isa = PBXBuildFile; fileRef = F733B79A1DAE95BC005535DF /* Business.swift */; };
/* End PBXBuildFile section */

/* Begin PBXFileReference section */
		F733B7771DAE8915005535DF /* Yalp.app */ = {isa = PBXFileReference; explicitFileType = wrapper.application; includeInIndex = 0; path = Yalp.app; sourceTree = BUILT_PRODUCTS_DIR; };
		F733B77A1DAE8915005535DF /* AppDelegate.swift */ = {isa = PBXFileReference; lastKnownFileType = sourcecode.swift; path = AppDelegate.swift; sourceTree = "<group>"; };
		F733B77F1DAE8915005535DF /* Base */ = {isa = PBXFileReference; lastKnownFileType = file.storyboard; name = Base; path = Base.lproj/Main.storyboard; sourceTree = "<group>"; };
		F733B7811DAE8915005535DF /* Assets.xcassets */ = {isa = PBXFileReference; lastKnownFileType = folder.assetcatalog; path = Assets.xcassets; sourceTree = "<group>"; };
		F733B7841DAE8915005535DF /* Base */ = {isa = PBXFileReference; lastKnownFileType = file.storyboard; name = Base; path = Base.lproj/LaunchScreen.storyboard; sourceTree = "<group>"; };
		F733B7861DAE8915005535DF /* Info.plist */ = {isa = PBXFileReference; lastKnownFileType = text.plist.xml; path = Info.plist; sourceTree = "<group>"; };
		F733B78C1DAE8B1C005535DF /* Constants.swift */ = {isa = PBXFileReference; fileEncoding = 4; lastKnownFileType = sourcecode.swift; path = Constants.swift; sourceTree = "<group>"; };
		F733B78D1DAE8B1C005535DF /* AppearanceManager.swift */ = {isa = PBXFileReference; fileEncoding = 4; lastKnownFileType = sourcecode.swift; path = AppearanceManager.swift; sourceTree = "<group>"; };
		F733B78E1DAE8B1C005535DF /* JsonDownloader.swift */ = {isa = PBXFileReference; fileEncoding = 4; lastKnownFileType = sourcecode.swift; path = JsonDownloader.swift; sourceTree = "<group>"; };
		F733B7921DAE8DFF005535DF /* README.md */ = {isa = PBXFileReference; fileEncoding = 4; lastKnownFileType = net.daringfireball.markdown; path = README.md; sourceTree = SOURCE_ROOT; };
		F733B7981DAE94A5005535DF /* BusinessListViewController.swift */ = {isa = PBXFileReference; fileEncoding = 4; lastKnownFileType = sourcecode.swift; path = BusinessListViewController.swift; sourceTree = "<group>"; };
		F733B79A1DAE95BC005535DF /* Business.swift */ = {isa = PBXFileReference; fileEncoding = 4; lastKnownFileType = sourcecode.swift; path = Business.swift; sourceTree = "<group>"; };
/* End PBXFileReference section */

/* Begin PBXFrameworksBuildPhase section */
		F733B7741DAE8915005535DF /* Frameworks */ = {
			isa = PBXFrameworksBuildPhase;
			buildActionMask = 2147483647;
			files = (
			);
			runOnlyForDeploymentPostprocessing = 0;
		};
/* End PBXFrameworksBuildPhase section */

/* Begin PBXGroup section */
		F733B76E1DAE8915005535DF = {
			isa = PBXGroup;
			children = (
				F733B7791DAE8915005535DF /* Yalp */,
				F733B7781DAE8915005535DF /* Products */,
			);
			sourceTree = "<group>";
		};
		F733B7781DAE8915005535DF /* Products */ = {
			isa = PBXGroup;
			children = (
				F733B7771DAE8915005535DF /* Yalp.app */,
			);
			name = Products;
			sourceTree = "<group>";
		};
		F733B7791DAE8915005535DF /* Yalp */ = {
			isa = PBXGroup;
			children = (
				F733B7951DAE939E005535DF /* Views */,
				F733B7941DAE9392005535DF /* Models */,
				F733B7961DAE93A5005535DF /* Controllers */,
				F733B7971DAE93B1005535DF /* Utils */,
				F733B7921DAE8DFF005535DF /* README.md */,
				F733B77A1DAE8915005535DF /* AppDelegate.swift */,
				F733B77E1DAE8915005535DF /* Main.storyboard */,
				F733B7811DAE8915005535DF /* Assets.xcassets */,
				F733B7831DAE8915005535DF /* LaunchScreen.storyboard */,
				F733B7861DAE8915005535DF /* Info.plist */,
			);
			path = Yalp;
			sourceTree = "<group>";
		};
		F733B7941DAE9392005535DF /* Models */ = {
			isa = PBXGroup;
			children = (
				F733B79A1DAE95BC005535DF /* Business.swift */,
			);
			name = Models;
			sourceTree = "<group>";
		};
		F733B7951DAE939E005535DF /* Views */ = {
			isa = PBXGroup;
			children = (
			);
			name = Views;
			sourceTree = "<group>";
		};
		F733B7961DAE93A5005535DF /* Controllers */ = {
			isa = PBXGroup;
			children = (
				F733B7981DAE94A5005535DF /* BusinessListViewController.swift */,
			);
			name = Controllers;
			sourceTree = "<group>";
		};
		F733B7971DAE93B1005535DF /* Utils */ = {
			isa = PBXGroup;
			children = (
				F733B78C1DAE8B1C005535DF /* Constants.swift */,
				F733B78D1DAE8B1C005535DF /* AppearanceManager.swift */,
				F733B78E1DAE8B1C005535DF /* JsonDownloader.swift */,
			);
			name = Utils;
			sourceTree = "<group>";
		};
/* End PBXGroup section */

/* Begin PBXNativeTarget section */
		F733B7761DAE8915005535DF /* Yalp */ = {
			isa = PBXNativeTarget;
			buildConfigurationList = F733B7891DAE8915005535DF /* Build configuration list for PBXNativeTarget "Yalp" */;
			buildPhases = (
				F733B7731DAE8915005535DF /* Sources */,
				F733B7741DAE8915005535DF /* Frameworks */,
				F733B7751DAE8915005535DF /* Resources */,
			);
			buildRules = (
			);
			dependencies = (
			);
			name = Yalp;
			productName = Yalp;
			productReference = F733B7771DAE8915005535DF /* Yalp.app */;
			productType = "com.apple.product-type.application";
		};
/* End PBXNativeTarget section */

/* Begin PBXProject section */
		F733B76F1DAE8915005535DF /* Project object */ = {
			isa = PBXProject;
			attributes = {
				LastSwiftUpdateCheck = 0800;
				LastUpgradeCheck = 0800;
				ORGANIZATIONNAME = BillLuoma;
				TargetAttributes = {
					F733B7761DAE8915005535DF = {
						CreatedOnToolsVersion = 8.0;
						DevelopmentTeam = M96UWZCD49;
						ProvisioningStyle = Automatic;
					};
				};
			};
			buildConfigurationList = F733B7721DAE8915005535DF /* Build configuration list for PBXProject "Yalp" */;
			compatibilityVersion = "Xcode 3.2";
			developmentRegion = English;
			hasScannedForEncodings = 0;
			knownRegions = (
				en,
				Base,
			);
			mainGroup = F733B76E1DAE8915005535DF;
			productRefGroup = F733B7781DAE8915005535DF /* Products */;
			projectDirPath = "";
			projectRoot = "";
			targets = (
				F733B7761DAE8915005535DF /* Yalp */,
			);
		};
/* End PBXProject section */

/* Begin PBXResourcesBuildPhase section */
		F733B7751DAE8915005535DF /* Resources */ = {
			isa = PBXResourcesBuildPhase;
			buildActionMask = 2147483647;
			files = (
				F733B7851DAE8915005535DF /* LaunchScreen.storyboard in Resources */,
				F733B7821DAE8915005535DF /* Assets.xcassets in Resources */,
				F733B7801DAE8915005535DF /* Main.storyboard in Resources */,
			);
			runOnlyForDeploymentPostprocessing = 0;
		};
/* End PBXResourcesBuildPhase section */

/* Begin PBXSourcesBuildPhase section */
		F733B7731DAE8915005535DF /* Sources */ = {
			isa = PBXSourcesBuildPhase;
			buildActionMask = 2147483647;
			files = (
				F733B7901DAE8B1C005535DF /* AppearanceManager.swift in Sources */,
				F733B7911DAE8B1C005535DF /* JsonDownloader.swift in Sources */,
				F733B77B1DAE8915005535DF /* AppDelegate.swift in Sources */,
				F733B79B1DAE95BC005535DF /* Business.swift in Sources */,
				F733B7991DAE94A5005535DF /* BusinessListViewController.swift in Sources */,
				F733B78F1DAE8B1C005535DF /* Constants.swift in Sources */,
			);
			runOnlyForDeploymentPostprocessing = 0;
		};
/* End PBXSourcesBuildPhase section */

/* Begin PBXVariantGroup section */
		F733B77E1DAE8915005535DF /* Main.storyboard */ = {
			isa = PBXVariantGroup;
			children = (
				F733B77F1DAE8915005535DF /* Base */,
			);
			name = Main.storyboard;
			sourceTree = "<group>";
		};
		F733B7831DAE8915005535DF /* LaunchScreen.storyboard */ = {
			isa = PBXVariantGroup;
			children = (
				F733B7841DAE8915005535DF /* Base */,
			);
			name = LaunchScreen.storyboard;
			sourceTree = "<group>";
		};
/* End PBXVariantGroup section */

/* Begin XCBuildConfiguration section */
		F733B7871DAE8915005535DF /* Debug */ = {
			isa = XCBuildConfiguration;
			buildSettings = {
				ALWAYS_SEARCH_USER_PATHS = NO;
				CLANG_ANALYZER_NONNULL = YES;
				CLANG_CXX_LANGUAGE_STANDARD = "gnu++0x";
				CLANG_CXX_LIBRARY = "libc++";
				CLANG_ENABLE_MODULES = YES;
				CLANG_ENABLE_OBJC_ARC = YES;
				CLANG_WARN_BOOL_CONVERSION = YES;
				CLANG_WARN_CONSTANT_CONVERSION = YES;
				CLANG_WARN_DIRECT_OBJC_ISA_USAGE = YES_ERROR;
				CLANG_WARN_DOCUMENTATION_COMMENTS = YES;
				CLANG_WARN_EMPTY_BODY = YES;
				CLANG_WARN_ENUM_CONVERSION = YES;
				CLANG_WARN_INFINITE_RECURSION = YES;
				CLANG_WARN_INT_CONVERSION = YES;
				CLANG_WARN_OBJC_ROOT_CLASS = YES_ERROR;
				CLANG_WARN_SUSPICIOUS_MOVES = YES;
				CLANG_WARN_UNREACHABLE_CODE = YES;
				CLANG_WARN__DUPLICATE_METHOD_MATCH = YES;
				"CODE_SIGN_IDENTITY[sdk=iphoneos*]" = "iPhone Developer";
				COPY_PHASE_STRIP = NO;
				DEBUG_INFORMATION_FORMAT = dwarf;
				ENABLE_STRICT_OBJC_MSGSEND = YES;
				ENABLE_TESTABILITY = YES;
				GCC_C_LANGUAGE_STANDARD = gnu99;
				GCC_DYNAMIC_NO_PIC = NO;
				GCC_NO_COMMON_BLOCKS = YES;
				GCC_OPTIMIZATION_LEVEL = 0;
				GCC_PREPROCESSOR_DEFINITIONS = (
					"DEBUG=1",
					"$(inherited)",
				);
				GCC_WARN_64_TO_32_BIT_CONVERSION = YES;
				GCC_WARN_ABOUT_RETURN_TYPE = YES_ERROR;
				GCC_WARN_UNDECLARED_SELECTOR = YES;
				GCC_WARN_UNINITIALIZED_AUTOS = YES_AGGRESSIVE;
				GCC_WARN_UNUSED_FUNCTION = YES;
				GCC_WARN_UNUSED_VARIABLE = YES;
				IPHONEOS_DEPLOYMENT_TARGET = 10.0;
				MTL_ENABLE_DEBUG_INFO = YES;
				ONLY_ACTIVE_ARCH = YES;
				SDKROOT = iphoneos;
				SWIFT_ACTIVE_COMPILATION_CONDITIONS = DEBUG;
				SWIFT_OPTIMIZATION_LEVEL = "-Onone";
				TARGETED_DEVICE_FAMILY = "1,2";
			};
			name = Debug;
		};
		F733B7881DAE8915005535DF /* Release */ = {
			isa = XCBuildConfiguration;
			buildSettings = {
				ALWAYS_SEARCH_USER_PATHS = NO;
				CLANG_ANALYZER_NONNULL = YES;
				CLANG_CXX_LANGUAGE_STANDARD = "gnu++0x";
				CLANG_CXX_LIBRARY = "libc++";
				CLANG_ENABLE_MODULES = YES;
				CLANG_ENABLE_OBJC_ARC = YES;
				CLANG_WARN_BOOL_CONVERSION = YES;
				CLANG_WARN_CONSTANT_CONVERSION = YES;
				CLANG_WARN_DIRECT_OBJC_ISA_USAGE = YES_ERROR;
				CLANG_WARN_DOCUMENTATION_COMMENTS = YES;
				CLANG_WARN_EMPTY_BODY = YES;
				CLANG_WARN_ENUM_CONVERSION = YES;
				CLANG_WARN_INFINITE_RECURSION = YES;
				CLANG_WARN_INT_CONVERSION = YES;
				CLANG_WARN_OBJC_ROOT_CLASS = YES_ERROR;
				CLANG_WARN_SUSPICIOUS_MOVES = YES;
				CLANG_WARN_UNREACHABLE_CODE = YES;
				CLANG_WARN__DUPLICATE_METHOD_MATCH = YES;
				"CODE_SIGN_IDENTITY[sdk=iphoneos*]" = "iPhone Developer";
				COPY_PHASE_STRIP = NO;
				DEBUG_INFORMATION_FORMAT = "dwarf-with-dsym";
				ENABLE_NS_ASSERTIONS = NO;
				ENABLE_STRICT_OBJC_MSGSEND = YES;
				GCC_C_LANGUAGE_STANDARD = gnu99;
				GCC_NO_COMMON_BLOCKS = YES;
				GCC_WARN_64_TO_32_BIT_CONVERSION = YES;
				GCC_WARN_ABOUT_RETURN_TYPE = YES_ERROR;
				GCC_WARN_UNDECLARED_SELECTOR = YES;
				GCC_WARN_UNINITIALIZED_AUTOS = YES_AGGRESSIVE;
				GCC_WARN_UNUSED_FUNCTION = YES;
				GCC_WARN_UNUSED_VARIABLE = YES;
				IPHONEOS_DEPLOYMENT_TARGET = 10.0;
				MTL_ENABLE_DEBUG_INFO = NO;
				SDKROOT = iphoneos;
				SWIFT_OPTIMIZATION_LEVEL = "-Owholemodule";
				TARGETED_DEVICE_FAMILY = "1,2";
				VALIDATE_PRODUCT = YES;
			};
			name = Release;
		};
		F733B78A1DAE8915005535DF /* Debug */ = {
			isa = XCBuildConfiguration;
			buildSettings = {
				ASSETCATALOG_COMPILER_APPICON_NAME = AppIcon;
				DEVELOPMENT_TEAM = M96UWZCD49;
				INFOPLIST_FILE = Yalp/Info.plist;
				LD_RUNPATH_SEARCH_PATHS = "$(inherited) @executable_path/Frameworks";
				PRODUCT_BUNDLE_IDENTIFIER = com.bluoma.Yalp;
				PRODUCT_NAME = "$(TARGET_NAME)";
				SWIFT_VERSION = 3.0;
			};
			name = Debug;
		};
		F733B78B1DAE8915005535DF /* Release */ = {
			isa = XCBuildConfiguration;
			buildSettings = {
				ASSETCATALOG_COMPILER_APPICON_NAME = AppIcon;
				DEVELOPMENT_TEAM = M96UWZCD49;
				INFOPLIST_FILE = Yalp/Info.plist;
				LD_RUNPATH_SEARCH_PATHS = "$(inherited) @executable_path/Frameworks";
				PRODUCT_BUNDLE_IDENTIFIER = com.bluoma.Yalp;
				PRODUCT_NAME = "$(TARGET_NAME)";
				SWIFT_VERSION = 3.0;
			};
			name = Release;
		};
/* End XCBuildConfiguration section */

/* Begin XCConfigurationList section */
		F733B7721DAE8915005535DF /* Build configuration list for PBXProject "Yalp" */ = {
			isa = XCConfigurationList;
			buildConfigurations = (
				F733B7871DAE8915005535DF /* Debug */,
				F733B7881DAE8915005535DF /* Release */,
			);
			defaultConfigurationIsVisible = 0;
			defaultConfigurationName = Release;
		};
		F733B7891DAE8915005535DF /* Build configuration list for PBXNativeTarget "Yalp" */ = {
			isa = XCConfigurationList;
			buildConfigurations = (
				F733B78A1DAE8915005535DF /* Debug */,
				F733B78B1DAE8915005535DF /* Release */,
			);
			defaultConfigurationIsVisible = 0;
		};
/* End XCConfigurationList section */
	};
	rootObject = F733B76F1DAE8915005535DF /* Project object */;
}
